PODS:
  - KIF-next (2.0.0pre4)
  - SHControlBlocks (1.0.1)
  - SHFastEnumerationProtocols (1.2.0)
  - SHObjectUserInfo (1.0.2)
  - SHSegueBlocks (1.1.1):
    - SHObjectUserInfo (~> 1.0.0)
  - SHTestCaseAdditions (1.0.0)

DEPENDENCIES:
  - KIF-next
  - SHControlBlocks (from `../`)
  - SHFastEnumerationProtocols (from `https://github.com/PodFactory/SHFastEnumerationProtocols`)
  - SHSegueBlocks
  - SHTestCaseAdditions (from `https://github.com/seivan/SHTestCaseAdditions`)

EXTERNAL SOURCES:
  SHControlBlocks:
    :path: ../
  SHFastEnumerationProtocols:
    :git: https://github.com/PodFactory/SHFastEnumerationProtocols
  SHTestCaseAdditions:
    :git: https://github.com/seivan/SHTestCaseAdditions

SPEC CHECKSUMS:
  KIF-next: 1c59f919ceee5999373c875832101c2fb48b5f59
  SHControlBlocks: 3cd5cb4e8a127e416da89569ea0d5156a9e09c19
  SHFastEnumerationProtocols: 5dde0d343a6bf08bf43ec5db2e6dcd9505c50d06
  SHObjectUserInfo: ec3758f8c54560b771d86ae173607e84cc5cda11
  SHSegueBlocks: 6bcadca3c10a916a0047b7123fa035e38f40cf34
  SHTestCaseAdditions: c19f82ab9f4963261ae1540eb1845146f24b2ff2

COCOAPODS: 0.22.3
